// !$*UTF8*$!
{
	archiveVersion = 1;
	classes = {
	};
	objectVersion = 46;
	objects = {

/* Begin PBXBuildFile section */
		329A22591942D54700C3C867 /* AppDelegate.swift in Sources */ = {isa = PBXBuildFile; fileRef = 329A22581942D54700C3C867 /* AppDelegate.swift */; };
		329A225B1942D54700C3C867 /* ViewController.swift in Sources */ = {isa = PBXBuildFile; fileRef = 329A225A1942D54700C3C867 /* ViewController.swift */; };
		329A225E1942D54700C3C867 /* Main.storyboard in Resources */ = {isa = PBXBuildFile; fileRef = 329A225C1942D54700C3C867 /* Main.storyboard */; };
		329A22601942D54700C3C867 /* Images.xcassets in Resources */ = {isa = PBXBuildFile; fileRef = 329A225F1942D54700C3C867 /* Images.xcassets */; };
		329A226C1942D54700C3C867 /* EscapeTests.swift in Sources */ = {isa = PBXBuildFile; fileRef = 329A226B1942D54700C3C867 /* EscapeTests.swift */; };
/* End PBXBuildFile section */

/* Begin PBXContainerItemProxy section */
		329A22661942D54700C3C867 /* PBXContainerItemProxy */ = {
			isa = PBXContainerItemProxy;
			containerPortal = 329A224B1942D54700C3C867 /* Project object */;
			proxyType = 1;
			remoteGlobalIDString = 329A22521942D54700C3C867;
			remoteInfo = Escape;
		};
/* End PBXContainerItemProxy section */

/* Begin PBXFileReference section */
		329A22531942D54700C3C867 /* Escape.app */ = {isa = PBXFileReference; explicitFileType = wrapper.application; includeInIndex = 0; path = Escape.app; sourceTree = BUILT_PRODUCTS_DIR; };
		329A22571942D54700C3C867 /* Info.plist */ = {isa = PBXFileReference; lastKnownFileType = text.plist.xml; path = Info.plist; sourceTree = "<group>"; };
		329A22581942D54700C3C867 /* AppDelegate.swift */ = {isa = PBXFileReference; lastKnownFileType = sourcecode.swift; path = AppDelegate.swift; sourceTree = "<group>"; };
		329A225A1942D54700C3C867 /* ViewController.swift */ = {isa = PBXFileReference; lastKnownFileType = sourcecode.swift; path = ViewController.swift; sourceTree = "<group>"; };
		329A225D1942D54700C3C867 /* Base */ = {isa = PBXFileReference; lastKnownFileType = file.storyboard; name = Base; path = Base.lproj/Main.storyboard; sourceTree = "<group>"; };
		329A225F1942D54700C3C867 /* Images.xcassets */ = {isa = PBXFileReference; lastKnownFileType = folder.assetcatalog; path = Images.xcassets; sourceTree = "<group>"; };
		329A22651942D54700C3C867 /* EscapeTests.xctest */ = {isa = PBXFileReference; explicitFileType = wrapper.cfbundle; includeInIndex = 0; path = EscapeTests.xctest; sourceTree = BUILT_PRODUCTS_DIR; };
		329A226A1942D54700C3C867 /* Info.plist */ = {isa = PBXFileReference; lastKnownFileType = text.plist.xml; path = Info.plist; sourceTree = "<group>"; };
		329A226B1942D54700C3C867 /* EscapeTests.swift */ = {isa = PBXFileReference; lastKnownFileType = sourcecode.swift; path = EscapeTests.swift; sourceTree = "<group>"; };
/* End PBXFileReference section */

/* Begin PBXFrameworksBuildPhase section */
		329A22501942D54700C3C867 /* Frameworks */ = {
			isa = PBXFrameworksBuildPhase;
			buildActionMask = 2147483647;
			files = (
			);
			runOnlyForDeploymentPostprocessing = 0;
		};
		329A22621942D54700C3C867 /* Frameworks */ = {
			isa = PBXFrameworksBuildPhase;
			buildActionMask = 2147483647;
			files = (
			);
			runOnlyForDeploymentPostprocessing = 0;
		};
/* End PBXFrameworksBuildPhase section */

/* Begin PBXGroup section */
		329A224A1942D54700C3C867 = {
			isa = PBXGroup;
			children = (
				329A22551942D54700C3C867 /* Escape */,
				329A22681942D54700C3C867 /* EscapeTests */,
				329A22541942D54700C3C867 /* Products */,
			);
			sourceTree = "<group>";
		};
		329A22541942D54700C3C867 /* Products */ = {
			isa = PBXGroup;
			children = (
				329A22531942D54700C3C867 /* Escape.app */,
				329A22651942D54700C3C867 /* EscapeTests.xctest */,
			);
			name = Products;
			sourceTree = "<group>";
		};
		329A22551942D54700C3C867 /* Escape */ = {
			isa = PBXGroup;
			children = (
				329A22581942D54700C3C867 /* AppDelegate.swift */,
				329A225A1942D54700C3C867 /* ViewController.swift */,
				329A225C1942D54700C3C867 /* Main.storyboard */,
				329A225F1942D54700C3C867 /* Images.xcassets */,
				329A22561942D54700C3C867 /* Supporting Files */,
			);
			path = Escape;
			sourceTree = "<group>";
		};
		329A22561942D54700C3C867 /* Supporting Files */ = {
			isa = PBXGroup;
			children = (
				329A22571942D54700C3C867 /* Info.plist */,
			);
			name = "Supporting Files";
			sourceTree = "<group>";
		};
		329A22681942D54700C3C867 /* EscapeTests */ = {
			isa = PBXGroup;
			children = (
				329A226B1942D54700C3C867 /* EscapeTests.swift */,
				329A22691942D54700C3C867 /* Supporting Files */,
			);
			path = EscapeTests;
			sourceTree = "<group>";
		};
		329A22691942D54700C3C867 /* Supporting Files */ = {
			isa = PBXGroup;
			children = (
				329A226A1942D54700C3C867 /* Info.plist */,
			);
			name = "Supporting Files";
			sourceTree = "<group>";
		};
/* End PBXGroup section */

/* Begin PBXNativeTarget section */
		329A22521942D54700C3C867 /* Escape */ = {
			isa = PBXNativeTarget;
			buildConfigurationList = 329A226F1942D54700C3C867 /* Build configuration list for PBXNativeTarget "Escape" */;
			buildPhases = (
				329A224F1942D54700C3C867 /* Sources */,
				329A22501942D54700C3C867 /* Frameworks */,
				329A22511942D54700C3C867 /* Resources */,
			);
			buildRules = (
			);
			dependencies = (
			);
			name = Escape;
			productName = Escape;
			productReference = 329A22531942D54700C3C867 /* Escape.app */;
			productType = "com.apple.product-type.application";
		};
		329A22641942D54700C3C867 /* EscapeTests */ = {
			isa = PBXNativeTarget;
			buildConfigurationList = 329A22721942D54700C3C867 /* Build configuration list for PBXNativeTarget "EscapeTests" */;
			buildPhases = (
				329A22611942D54700C3C867 /* Sources */,
				329A22621942D54700C3C867 /* Frameworks */,
				329A22631942D54700C3C867 /* Resources */,
			);
			buildRules = (
			);
			dependencies = (
				329A22671942D54700C3C867 /* PBXTargetDependency */,
			);
			name = EscapeTests;
			productName = EscapeTests;
			productReference = 329A22651942D54700C3C867 /* EscapeTests.xctest */;
			productType = "com.apple.product-type.bundle.unit-test";
		};
/* End PBXNativeTarget section */

/* Begin PBXProject section */
		329A224B1942D54700C3C867 /* Project object */ = {
			isa = PBXProject;
			attributes = {
				LastUpgradeCheck = 0600;
				ORGANIZATIONNAME = "Jyothidhar Pulakunta";
				TargetAttributes = {
					329A22521942D54700C3C867 = {
						CreatedOnToolsVersion = 6.0;
					};
					329A22641942D54700C3C867 = {
						CreatedOnToolsVersion = 6.0;
						TestTargetID = 329A22521942D54700C3C867;
					};
				};
			};
			buildConfigurationList = 329A224E1942D54700C3C867 /* Build configuration list for PBXProject "Escape" */;
			compatibilityVersion = "Xcode 3.2";
			developmentRegion = English;
			hasScannedForEncodings = 0;
			knownRegions = (
				en,
				Base,
			);
			mainGroup = 329A224A1942D54700C3C867;
			productRefGroup = 329A22541942D54700C3C867 /* Products */;
			projectDirPath = "";
			projectRoot = "";
			targets = (
				329A22521942D54700C3C867 /* Escape */,
				329A22641942D54700C3C867 /* EscapeTests */,
			);
		};
/* End PBXProject section */

/* Begin PBXResourcesBuildPhase section */
		329A22511942D54700C3C867 /* Resources */ = {
			isa = PBXResourcesBuildPhase;
			buildActionMask = 2147483647;
			files = (
				329A225E1942D54700C3C867 /* Main.storyboard in Resources */,
				329A22601942D54700C3C867 /* Images.xcassets in Resources */,
			);
			runOnlyForDeploymentPostprocessing = 0;
		};
		329A22631942D54700C3C867 /* Resources */ = {
			isa = PBXResourcesBuildPhase;
			buildActionMask = 2147483647;
			files = (
			);
			runOnlyForDeploymentPostprocessing = 0;
		};
/* End PBXResourcesBuildPhase section */

/* Begin PBXSourcesBuildPhase section */
		329A224F1942D54700C3C867 /* Sources */ = {
			isa = PBXSourcesBuildPhase;
			buildActionMask = 2147483647;
			files = (
				329A225B1942D54700C3C867 /* ViewController.swift in Sources */,
				329A22591942D54700C3C867 /* AppDelegate.swift in Sources */,
			);
			runOnlyForDeploymentPostprocessing = 0;
		};
		329A22611942D54700C3C867 /* Sources */ = {
			isa = PBXSourcesBuildPhase;
			buildActionMask = 2147483647;
			files = (
				329A226C1942D54700C3C867 /* EscapeTests.swift in Sources */,
			);
			runOnlyForDeploymentPostprocessing = 0;
		};
/* End PBXSourcesBuildPhase section */

/* Begin PBXTargetDependency section */
		329A22671942D54700C3C867 /* PBXTargetDependency */ = {
			isa = PBXTargetDependency;
			target = 329A22521942D54700C3C867 /* Escape */;
			targetProxy = 329A22661942D54700C3C867 /* PBXContainerItemProxy */;
		};
/* End PBXTargetDependency section */

/* Begin PBXVariantGroup section */
		329A225C1942D54700C3C867 /* Main.storyboard */ = {
			isa = PBXVariantGroup;
			children = (
				329A225D1942D54700C3C867 /* Base */,
			);
			name = Main.storyboard;
			sourceTree = "<group>";
		};
/* End PBXVariantGroup section */

/* Begin XCBuildConfiguration section */
		329A226D1942D54700C3C867 /* Debug */ = {
			isa = XCBuildConfiguration;
			buildSettings = {
				ALWAYS_SEARCH_USER_PATHS = NO;
				CLANG_CXX_LANGUAGE_STANDARD = "gnu++0x";
				CLANG_CXX_LIBRARY = "libc++";
				CLANG_ENABLE_MODULES = YES;
				CLANG_ENABLE_OBJC_ARC = YES;
				CLANG_WARN_BOOL_CONVERSION = YES;
				CLANG_WARN_CONSTANT_CONVERSION = YES;
				CLANG_WARN_DIRECT_OBJC_ISA_USAGE = YES_ERROR;
				CLANG_WARN_EMPTY_BODY = YES;
				CLANG_WARN_ENUM_CONVERSION = YES;
				CLANG_WARN_INT_CONVERSION = YES;
				CLANG_WARN_OBJC_ROOT_CLASS = YES_ERROR;
				CLANG_WARN_UNREACHABLE_CODE = YES;
				CLANG_WARN__DUPLICATE_METHOD_MATCH = YES;
				"CODE_SIGN_IDENTITY[sdk=iphoneos*]" = "iPhone Developer";
				COPY_PHASE_STRIP = NO;
				ENABLE_STRICT_OBJC_MSGSEND = YES;
				GCC_C_LANGUAGE_STANDARD = gnu99;
				GCC_DYNAMIC_NO_PIC = NO;
				GCC_OPTIMIZATION_LEVEL = 0;
				GCC_PREPROCESSOR_DEFINITIONS = (
					"DEBUG=1",
					"$(inherited)",
				);
				GCC_SYMBOLS_PRIVATE_EXTERN = NO;
				GCC_WARN_64_TO_32_BIT_CONVERSION = YES;
				GCC_WARN_ABOUT_RETURN_TYPE = YES_ERROR;
				GCC_WARN_UNDECLARED_SELECTOR = YES;
				GCC_WARN_UNINITIALIZED_AUTOS = YES_AGGRESSIVE;
				GCC_WARN_UNUSED_FUNCTION = YES;
				GCC_WARN_UNUSED_VARIABLE = YES;
				IPHONEOS_DEPLOYMENT_TARGET = 8.0;
				METAL_ENABLE_DEBUG_INFO = YES;
				ONLY_ACTIVE_ARCH = YES;
				SDKROOT = iphoneos;
				SWIFT_OPTIMIZATION_LEVEL = "-Onone";
			};
			name = Debug;
		};
		329A226E1942D54700C3C867 /* Release */ = {
			isa = XCBuildConfiguration;
			buildSettings = {
				ALWAYS_SEARCH_USER_PATHS = NO;
				CLANG_CXX_LANGUAGE_STANDARD = "gnu++0x";
				CLANG_CXX_LIBRARY = "libc++";
				CLANG_ENABLE_MODULES = YES;
				CLANG_ENABLE_OBJC_ARC = YES;
				CLANG_WARN_BOOL_CONVERSION = YES;
				CLANG_WARN_CONSTANT_CONVERSION = YES;
				CLANG_WARN_DIRECT_OBJC_ISA_USAGE = YES_ERROR;
				CLANG_WARN_EMPTY_BODY = YES;
				CLANG_WARN_ENUM_CONVERSION = YES;
				CLANG_WARN_INT_CONVERSION = YES;
				CLANG_WARN_OBJC_ROOT_CLASS = YES_ERROR;
				CLANG_WARN_UNREACHABLE_CODE = YES;
				CLANG_WARN__DUPLICATE_METHOD_MATCH = YES;
				"CODE_SIGN_IDENTITY[sdk=iphoneos*]" = "iPhone Developer";
				COPY_PHASE_STRIP = YES;
				ENABLE_NS_ASSERTIONS = NO;
				ENABLE_STRICT_OBJC_MSGSEND = YES;
				GCC_C_LANGUAGE_STANDARD = gnu99;
				GCC_WARN_64_TO_32_BIT_CONVERSION = YES;
				GCC_WARN_ABOUT_RETURN_TYPE = YES_ERROR;
				GCC_WARN_UNDECLARED_SELECTOR = YES;
				GCC_WARN_UNINITIALIZED_AUTOS = YES_AGGRESSIVE;
				GCC_WARN_UNUSED_FUNCTION = YES;
				GCC_WARN_UNUSED_VARIABLE = YES;
				IPHONEOS_DEPLOYMENT_TARGET = 8.0;
				METAL_ENABLE_DEBUG_INFO = NO;
				SDKROOT = iphoneos;
				VALIDATE_PRODUCT = YES;
			};
			name = Release;
		};
		329A22701942D54700C3C867 /* Debug */ = {
			isa = XCBuildConfiguration;
			buildSettings = {
				ASSETCATALOG_COMPILER_APPICON_NAME = AppIcon;
				ASSETCATALOG_COMPILER_LAUNCHIMAGE_NAME = LaunchImage;
				INFOPLIST_FILE = Escape/Info.plist;
				LD_RUNPATH_SEARCH_PATHS = "$(inherited) @executable_path/Frameworks";
				PRODUCT_NAME = "$(TARGET_NAME)";
			};
			name = Debug;
		};
		329A22711942D54700C3C867 /* Release */ = {
			isa = XCBuildConfiguration;
			buildSettings = {
				ASSETCATALOG_COMPILER_APPICON_NAME = AppIcon;
				ASSETCATALOG_COMPILER_LAUNCHIMAGE_NAME = LaunchImage;
				INFOPLIST_FILE = Escape/Info.plist;
				LD_RUNPATH_SEARCH_PATHS = "$(inherited) @executable_path/Frameworks";
				PRODUCT_NAME = "$(TARGET_NAME)";
			};
			name = Release;
		};
		329A22731942D54700C3C867 /* Debug */ = {
			isa = XCBuildConfiguration;
			buildSettings = {
				BUNDLE_LOADER = "$(BUILT_PRODUCTS_DIR)/Escape.app/Escape";
				FRAMEWORK_SEARCH_PATHS = (
					"$(SDKROOT)/Developer/Library/Frameworks",
					"$(inherited)",
				);
				GCC_PREPROCESSOR_DEFINITIONS = (
					"DEBUG=1",
					"$(inherited)",
				);
				INFOPLIST_FILE = EscapeTests/Info.plist;
				LD_RUNPATH_SEARCH_PATHS = "$(inherited) @executable_path/Frameworks @loader_path/Frameworks";
				METAL_ENABLE_DEBUG_INFO = YES;
				PRODUCT_NAME = "$(TARGET_NAME)";
				TEST_HOST = "$(BUNDLE_LOADER)";
			};
			name = Debug;
		};
		329A22741942D54700C3C867 /* Release */ = {
			isa = XCBuildConfiguration;
			buildSettings = {
				BUNDLE_LOADER = "$(BUILT_PRODUCTS_DIR)/Escape.app/Escape";
				FRAMEWORK_SEARCH_PATHS = (
					"$(SDKROOT)/Developer/Library/Frameworks",
					"$(inherited)",
				);
				INFOPLIST_FILE = EscapeTests/Info.plist;
				LD_RUNPATH_SEARCH_PATHS = "$(inherited) @executable_path/Frameworks @loader_path/Frameworks";
				METAL_ENABLE_DEBUG_INFO = NO;
				PRODUCT_NAME = "$(TARGET_NAME)";
				TEST_HOST = "$(BUNDLE_LOADER)";
			};
			name = Release;
		};
/* End XCBuildConfiguration section */

/* Begin XCConfigurationList section */
		329A224E1942D54700C3C867 /* Build configuration list for PBXProject "Escape" */ = {
			isa = XCConfigurationList;
			buildConfigurations = (
				329A226D1942D54700C3C867 /* Debug */,
				329A226E1942D54700C3C867 /* Release */,
			);
			defaultConfigurationIsVisible = 0;
			defaultConfigurationName = Release;
		};
		329A226F1942D54700C3C867 /* Build configuration list for PBXNativeTarget "Escape" */ = {
			isa = XCConfigurationList;
			buildConfigurations = (
				329A22701942D54700C3C867 /* Debug */,
				329A22711942D54700C3C867 /* Release */,
			);
			defaultConfigurationIsVisible = 0;
		};
		329A22721942D54700C3C867 /* Build configuration list for PBXNativeTarget "EscapeTests" */ = {
			isa = XCConfigurationList;
			buildConfigurations = (
				329A22731942D54700C3C867 /* Debug */,
				329A22741942D54700C3C867 /* Release */,
			);
			defaultConfigurationIsVisible = 0;
		};
/* End XCConfigurationList section */
	};
	rootObject = 329A224B1942D54700C3C867 /* Project object */;
}
